// !$*UTF8*$!
{
	archiveVersion = 1;
	classes = {
	};
	objectVersion = 52;
	objects = {

/* Begin PBXBuildFile section */
		BF6660E62398FECE00C51AB6 /* AppDelegate.swift in Sources */ = {isa = PBXBuildFile; fileRef = BF6660E52398FECE00C51AB6 /* AppDelegate.swift */; };
		BF6660E82398FECE00C51AB6 /* ViewController.swift in Sources */ = {isa = PBXBuildFile; fileRef = BF6660E72398FECE00C51AB6 /* ViewController.swift */; };
		BF6660EA2398FECE00C51AB6 /* Document.swift in Sources */ = {isa = PBXBuildFile; fileRef = BF6660E92398FECE00C51AB6 /* Document.swift */; };
		BF6660EC2398FECF00C51AB6 /* Assets.xcassets in Resources */ = {isa = PBXBuildFile; fileRef = BF6660EB2398FECF00C51AB6 /* Assets.xcassets */; };
		BF6660EF2398FECF00C51AB6 /* Main.storyboard in Resources */ = {isa = PBXBuildFile; fileRef = BF6660ED2398FECF00C51AB6 /* Main.storyboard */; };
		BF9B01AA23C74257000B5DC0 /* CoreGPX in Frameworks */ = {isa = PBXBuildFile; productRef = BF9B01A923C74257000B5DC0 /* CoreGPX */; };
		BFE119FE239BBE0A00820D2C /* DocumentController.swift in Sources */ = {isa = PBXBuildFile; fileRef = BFE119FD239BBE0A00820D2C /* DocumentController.swift */; };
/* End PBXBuildFile section */

/* Begin PBXFileReference section */
		BF6660E22398FECE00C51AB6 /* GPXCompressor.app */ = {isa = PBXFileReference; explicitFileType = wrapper.application; includeInIndex = 0; path = GPXCompressor.app; sourceTree = BUILT_PRODUCTS_DIR; };
		BF6660E52398FECE00C51AB6 /* AppDelegate.swift */ = {isa = PBXFileReference; lastKnownFileType = sourcecode.swift; path = AppDelegate.swift; sourceTree = "<group>"; };
		BF6660E72398FECE00C51AB6 /* ViewController.swift */ = {isa = PBXFileReference; lastKnownFileType = sourcecode.swift; path = ViewController.swift; sourceTree = "<group>"; };
		BF6660E92398FECE00C51AB6 /* Document.swift */ = {isa = PBXFileReference; lastKnownFileType = sourcecode.swift; path = Document.swift; sourceTree = "<group>"; };
		BF6660EB2398FECF00C51AB6 /* Assets.xcassets */ = {isa = PBXFileReference; lastKnownFileType = folder.assetcatalog; path = Assets.xcassets; sourceTree = "<group>"; };
		BF6660EE2398FECF00C51AB6 /* Base */ = {isa = PBXFileReference; lastKnownFileType = file.storyboard; name = Base; path = Base.lproj/Main.storyboard; sourceTree = "<group>"; };
		BF6660F02398FECF00C51AB6 /* Info.plist */ = {isa = PBXFileReference; lastKnownFileType = text.plist.xml; path = Info.plist; sourceTree = "<group>"; };
		BF6660F12398FECF00C51AB6 /* GPXCompressor.entitlements */ = {isa = PBXFileReference; lastKnownFileType = text.plist.entitlements; path = GPXCompressor.entitlements; sourceTree = "<group>"; };
		BFE119FD239BBE0A00820D2C /* DocumentController.swift */ = {isa = PBXFileReference; lastKnownFileType = sourcecode.swift; path = DocumentController.swift; sourceTree = "<group>"; };
/* End PBXFileReference section */

/* Begin PBXFrameworksBuildPhase section */
		BF6660DF2398FECD00C51AB6 /* Frameworks */ = {
			isa = PBXFrameworksBuildPhase;
			buildActionMask = 2147483647;
			files = (
				BF9B01AA23C74257000B5DC0 /* CoreGPX in Frameworks */,
			);
			runOnlyForDeploymentPostprocessing = 0;
		};
/* End PBXFrameworksBuildPhase section */

/* Begin PBXGroup section */
		BF6660D92398FECD00C51AB6 = {
			isa = PBXGroup;
			children = (
				BF6660E42398FECE00C51AB6 /* GPXCompressor */,
				BF6660E32398FECE00C51AB6 /* Products */,
			);
			sourceTree = "<group>";
		};
		BF6660E32398FECE00C51AB6 /* Products */ = {
			isa = PBXGroup;
			children = (
				BF6660E22398FECE00C51AB6 /* GPXCompressor.app */,
			);
			name = Products;
			sourceTree = "<group>";
		};
		BF6660E42398FECE00C51AB6 /* GPXCompressor */ = {
			isa = PBXGroup;
			children = (
				BF6660E52398FECE00C51AB6 /* AppDelegate.swift */,
				BF6660E72398FECE00C51AB6 /* ViewController.swift */,
				BF6660E92398FECE00C51AB6 /* Document.swift */,
				BFE119FD239BBE0A00820D2C /* DocumentController.swift */,
				BF6660EB2398FECF00C51AB6 /* Assets.xcassets */,
				BF6660ED2398FECF00C51AB6 /* Main.storyboard */,
				BF6660F02398FECF00C51AB6 /* Info.plist */,
				BF6660F12398FECF00C51AB6 /* GPXCompressor.entitlements */,
			);
			path = GPXCompressor;
			sourceTree = "<group>";
		};
/* End PBXGroup section */

/* Begin PBXNativeTarget section */
		BF6660E12398FECD00C51AB6 /* GPXCompressor */ = {
			isa = PBXNativeTarget;
			buildConfigurationList = BF6660F42398FECF00C51AB6 /* Build configuration list for PBXNativeTarget "GPXCompressor" */;
			buildPhases = (
				BF6660DE2398FECD00C51AB6 /* Sources */,
				BF6660DF2398FECD00C51AB6 /* Frameworks */,
				BF6660E02398FECD00C51AB6 /* Resources */,
			);
			buildRules = (
			);
			dependencies = (
			);
			name = GPXCompressor;
			packageProductDependencies = (
				BF9B01A923C74257000B5DC0 /* CoreGPX */,
			);
			productName = GPXCompressor;
			productReference = BF6660E22398FECE00C51AB6 /* GPXCompressor.app */;
			productType = "com.apple.product-type.application";
		};
/* End PBXNativeTarget section */

/* Begin PBXProject section */
		BF6660DA2398FECD00C51AB6 /* Project object */ = {
			isa = PBXProject;
			attributes = {
				LastSwiftUpdateCheck = 1100;
				LastUpgradeCheck = 1130;
				ORGANIZATIONNAME = Vincent;
				TargetAttributes = {
					BF6660E12398FECD00C51AB6 = {
						CreatedOnToolsVersion = 11.0;
					};
				};
			};
			buildConfigurationList = BF6660DD2398FECD00C51AB6 /* Build configuration list for PBXProject "GPXCompressor" */;
			compatibilityVersion = "Xcode 9.3";
			developmentRegion = en;
			hasScannedForEncodings = 0;
			knownRegions = (
				en,
				Base,
			);
			mainGroup = BF6660D92398FECD00C51AB6;
			packageReferences = (
				BF9B01A823C74257000B5DC0 /* XCRemoteSwiftPackageReference "CoreGPX" */,
			);
			productRefGroup = BF6660E32398FECE00C51AB6 /* Products */;
			projectDirPath = "";
			projectRoot = "";
			targets = (
				BF6660E12398FECD00C51AB6 /* GPXCompressor */,
			);
		};
/* End PBXProject section */

/* Begin PBXResourcesBuildPhase section */
		BF6660E02398FECD00C51AB6 /* Resources */ = {
			isa = PBXResourcesBuildPhase;
			buildActionMask = 2147483647;
			files = (
				BF6660EC2398FECF00C51AB6 /* Assets.xcassets in Resources */,
				BF6660EF2398FECF00C51AB6 /* Main.storyboard in Resources */,
			);
			runOnlyForDeploymentPostprocessing = 0;
		};
/* End PBXResourcesBuildPhase section */

/* Begin PBXSourcesBuildPhase section */
		BF6660DE2398FECD00C51AB6 /* Sources */ = {
			isa = PBXSourcesBuildPhase;
			buildActionMask = 2147483647;
			files = (
				BF6660E82398FECE00C51AB6 /* ViewController.swift in Sources */,
				BF6660E62398FECE00C51AB6 /* AppDelegate.swift in Sources */,
				BFE119FE239BBE0A00820D2C /* DocumentController.swift in Sources */,
				BF6660EA2398FECE00C51AB6 /* Document.swift in Sources */,
			);
			runOnlyForDeploymentPostprocessing = 0;
		};
/* End PBXSourcesBuildPhase section */

/* Begin PBXVariantGroup section */
		BF6660ED2398FECF00C51AB6 /* Main.storyboard */ = {
			isa = PBXVariantGroup;
			children = (
				BF6660EE2398FECF00C51AB6 /* Base */,
			);
			name = Main.storyboard;
			sourceTree = "<group>";
		};
/* End PBXVariantGroup section */

/* Begin XCBuildConfiguration section */
		BF6660F22398FECF00C51AB6 /* Debug */ = {
			isa = XCBuildConfiguration;
			buildSettings = {
				ALWAYS_SEARCH_USER_PATHS = NO;
				CLANG_ANALYZER_NONNULL = YES;
				CLANG_ANALYZER_NUMBER_OBJECT_CONVERSION = YES_AGGRESSIVE;
				CLANG_CXX_LANGUAGE_STANDARD = "gnu++14";
				CLANG_CXX_LIBRARY = "libc++";
				CLANG_ENABLE_MODULES = YES;
				CLANG_ENABLE_OBJC_ARC = YES;
				CLANG_ENABLE_OBJC_WEAK = YES;
				CLANG_WARN_BLOCK_CAPTURE_AUTORELEASING = YES;
				CLANG_WARN_BOOL_CONVERSION = YES;
				CLANG_WARN_COMMA = YES;
				CLANG_WARN_CONSTANT_CONVERSION = YES;
				CLANG_WARN_DEPRECATED_OBJC_IMPLEMENTATIONS = YES;
				CLANG_WARN_DIRECT_OBJC_ISA_USAGE = YES_ERROR;
				CLANG_WARN_DOCUMENTATION_COMMENTS = YES;
				CLANG_WARN_EMPTY_BODY = YES;
				CLANG_WARN_ENUM_CONVERSION = YES;
				CLANG_WARN_INFINITE_RECURSION = YES;
				CLANG_WARN_INT_CONVERSION = YES;
				CLANG_WARN_NON_LITERAL_NULL_CONVERSION = YES;
				CLANG_WARN_OBJC_IMPLICIT_RETAIN_SELF = YES;
				CLANG_WARN_OBJC_LITERAL_CONVERSION = YES;
				CLANG_WARN_OBJC_ROOT_CLASS = YES_ERROR;
				CLANG_WARN_RANGE_LOOP_ANALYSIS = YES;
				CLANG_WARN_STRICT_PROTOTYPES = YES;
				CLANG_WARN_SUSPICIOUS_MOVE = YES;
				CLANG_WARN_UNGUARDED_AVAILABILITY = YES_AGGRESSIVE;
				CLANG_WARN_UNREACHABLE_CODE = YES;
				CLANG_WARN__DUPLICATE_METHOD_MATCH = YES;
				COPY_PHASE_STRIP = NO;
				DEBUG_INFORMATION_FORMAT = dwarf;
				ENABLE_STRICT_OBJC_MSGSEND = YES;
				ENABLE_TESTABILITY = YES;
				GCC_C_LANGUAGE_STANDARD = gnu11;
				GCC_DYNAMIC_NO_PIC = NO;
				GCC_NO_COMMON_BLOCKS = YES;
				GCC_OPTIMIZATION_LEVEL = 0;
				GCC_PREPROCESSOR_DEFINITIONS = (
					"DEBUG=1",
					"$(inherited)",
				);
				GCC_WARN_64_TO_32_BIT_CONVERSION = YES;
				GCC_WARN_ABOUT_RETURN_TYPE = YES_ERROR;
				GCC_WARN_UNDECLARED_SELECTOR = YES;
				GCC_WARN_UNINITIALIZED_AUTOS = YES_AGGRESSIVE;
				GCC_WARN_UNUSED_FUNCTION = YES;
				GCC_WARN_UNUSED_VARIABLE = YES;
				MACOSX_DEPLOYMENT_TARGET = 10.10;
				MTL_ENABLE_DEBUG_INFO = INCLUDE_SOURCE;
				MTL_FAST_MATH = YES;
				ONLY_ACTIVE_ARCH = YES;
				SDKROOT = macosx;
				SWIFT_ACTIVE_COMPILATION_CONDITIONS = DEBUG;
				SWIFT_OPTIMIZATION_LEVEL = "-Onone";
			};
			name = Debug;
		};
		BF6660F32398FECF00C51AB6 /* Release */ = {
			isa = XCBuildConfiguration;
			buildSettings = {
				ALWAYS_SEARCH_USER_PATHS = NO;
				CLANG_ANALYZER_NONNULL = YES;
				CLANG_ANALYZER_NUMBER_OBJECT_CONVERSION = YES_AGGRESSIVE;
				CLANG_CXX_LANGUAGE_STANDARD = "gnu++14";
				CLANG_CXX_LIBRARY = "libc++";
				CLANG_ENABLE_MODULES = YES;
				CLANG_ENABLE_OBJC_ARC = YES;
				CLANG_ENABLE_OBJC_WEAK = YES;
				CLANG_WARN_BLOCK_CAPTURE_AUTORELEASING = YES;
				CLANG_WARN_BOOL_CONVERSION = YES;
				CLANG_WARN_COMMA = YES;
				CLANG_WARN_CONSTANT_CONVERSION = YES;
				CLANG_WARN_DEPRECATED_OBJC_IMPLEMENTATIONS = YES;
				CLANG_WARN_DIRECT_OBJC_ISA_USAGE = YES_ERROR;
				CLANG_WARN_DOCUMENTATION_COMMENTS = YES;
				CLANG_WARN_EMPTY_BODY = YES;
				CLANG_WARN_ENUM_CONVERSION = YES;
				CLANG_WARN_INFINITE_RECURSION = YES;
				CLANG_WARN_INT_CONVERSION = YES;
				CLANG_WARN_NON_LITERAL_NULL_CONVERSION = YES;
				CLANG_WARN_OBJC_IMPLICIT_RETAIN_SELF = YES;
				CLANG_WARN_OBJC_LITERAL_CONVERSION = YES;
				CLANG_WARN_OBJC_ROOT_CLASS = YES_ERROR;
				CLANG_WARN_RANGE_LOOP_ANALYSIS = YES;
				CLANG_WARN_STRICT_PROTOTYPES = YES;
				CLANG_WARN_SUSPICIOUS_MOVE = YES;
				CLANG_WARN_UNGUARDED_AVAILABILITY = YES_AGGRESSIVE;
				CLANG_WARN_UNREACHABLE_CODE = YES;
				CLANG_WARN__DUPLICATE_METHOD_MATCH = YES;
				COPY_PHASE_STRIP = NO;
				DEBUG_INFORMATION_FORMAT = "dwarf-with-dsym";
				ENABLE_NS_ASSERTIONS = NO;
				ENABLE_STRICT_OBJC_MSGSEND = YES;
				GCC_C_LANGUAGE_STANDARD = gnu11;
				GCC_NO_COMMON_BLOCKS = YES;
				GCC_WARN_64_TO_32_BIT_CONVERSION = YES;
				GCC_WARN_ABOUT_RETURN_TYPE = YES_ERROR;
				GCC_WARN_UNDECLARED_SELECTOR = YES;
				GCC_WARN_UNINITIALIZED_AUTOS = YES_AGGRESSIVE;
				GCC_WARN_UNUSED_FUNCTION = YES;
				GCC_WARN_UNUSED_VARIABLE = YES;
				MACOSX_DEPLOYMENT_TARGET = 10.10;
				MTL_ENABLE_DEBUG_INFO = NO;
				MTL_FAST_MATH = YES;
				SDKROOT = macosx;
				SWIFT_COMPILATION_MODE = wholemodule;
				SWIFT_OPTIMIZATION_LEVEL = "-O";
			};
			name = Release;
		};
		BF6660F52398FECF00C51AB6 /* Debug */ = {
			isa = XCBuildConfiguration;
			buildSettings = {
				ASSETCATALOG_COMPILER_APPICON_NAME = AppIcon;
				CODE_SIGN_ENTITLEMENTS = GPXCompressor/GPXCompressor.entitlements;
				CODE_SIGN_IDENTITY = "-";
				CODE_SIGN_STYLE = Manual;
				COMBINE_HIDPI_IMAGES = YES;
				CURRENT_PROJECT_VERSION = 6;
				DEVELOPMENT_TEAM = "";
				INFOPLIST_FILE = GPXCompressor/Info.plist;
				LD_RUNPATH_SEARCH_PATHS = (
					"$(inherited)",
					"@executable_path/../Frameworks",
				);
				MACOSX_DEPLOYMENT_TARGET = 10.10;
				MARKETING_VERSION = 1.0.2;
				PRODUCT_BUNDLE_IDENTIFIER = neo.vincent.GPXCompressor;
				PRODUCT_NAME = "$(TARGET_NAME)";
				PROVISIONING_PROFILE_SPECIFIER = "";
				SWIFT_VERSION = 5.0;
			};
			name = Debug;
		};
		BF6660F62398FECF00C51AB6 /* Release */ = {
			isa = XCBuildConfiguration;
			buildSettings = {
				ASSETCATALOG_COMPILER_APPICON_NAME = AppIcon;
				CODE_SIGN_ENTITLEMENTS = GPXCompressor/GPXCompressor.entitlements;
				CODE_SIGN_IDENTITY = "-";
				CODE_SIGN_STYLE = Manual;
				COMBINE_HIDPI_IMAGES = YES;
				CURRENT_PROJECT_VERSION = 6;
				DEVELOPMENT_TEAM = "";
				ENABLE_HARDENED_RUNTIME = YES;
				GCC_OPTIMIZATION_LEVEL = fast;
				INFOPLIST_FILE = GPXCompressor/Info.plist;
				LD_RUNPATH_SEARCH_PATHS = (
					"$(inherited)",
					"@executable_path/../Frameworks",
				);
				MACOSX_DEPLOYMENT_TARGET = 10.10;
				MARKETING_VERSION = 1.0.2;
				PRODUCT_BUNDLE_IDENTIFIER = neo.vincent.GPXCompressor;
				PRODUCT_NAME = "$(TARGET_NAME)";
				PROVISIONING_PROFILE_SPECIFIER = "";
				SWIFT_VERSION = 5.0;
			};
			name = Release;
		};
/* End XCBuildConfiguration section */

/* Begin XCConfigurationList section */
		BF6660DD2398FECD00C51AB6 /* Build configuration list for PBXProject "GPXCompressor" */ = {
			isa = XCConfigurationList;
			buildConfigurations = (
				BF6660F22398FECF00C51AB6 /* Debug */,
				BF6660F32398FECF00C51AB6 /* Release */,
			);
			defaultConfigurationIsVisible = 0;
			defaultConfigurationName = Release;
		};
		BF6660F42398FECF00C51AB6 /* Build configuration list for PBXNativeTarget "GPXCompressor" */ = {
			isa = XCConfigurationList;
			buildConfigurations = (
				BF6660F52398FECF00C51AB6 /* Debug */,
				BF6660F62398FECF00C51AB6 /* Release */,
			);
			defaultConfigurationIsVisible = 0;
			defaultConfigurationName = Release;
		};
/* End XCConfigurationList section */

/* Begin XCRemoteSwiftPackageReference section */
		BF9B01A823C74257000B5DC0 /* XCRemoteSwiftPackageReference "CoreGPX" */ = {
			isa = XCRemoteSwiftPackageReference;
			repositoryURL = "https://github.com/vincentneo/CoreGPX.git";
			requirement = {
				kind = upToNextMajorVersion;
				minimumVersion = 0.8.0;
			};
		};
/* End XCRemoteSwiftPackageReference section */

/* Begin XCSwiftPackageProductDependency section */
		BF9B01A923C74257000B5DC0 /* CoreGPX */ = {
			isa = XCSwiftPackageProductDependency;
			package = BF9B01A823C74257000B5DC0 /* XCRemoteSwiftPackageReference "CoreGPX" */;
			productName = CoreGPX;
		};
/* End XCSwiftPackageProductDependency section */
	};
	rootObject = BF6660DA2398FECD00C51AB6 /* Project object */;
}
